// !$*UTF8*$!
{
	archiveVersion = 1;
	classes = {
	};
	objectVersion = 56;
	objects = {

/* Begin PBXBuildFile section */
		417EAFD32B71518F004190DD /* MaliApp.swift in Sources */ = {isa = PBXBuildFile; fileRef = 417EAFD22B71518F004190DD /* MaliApp.swift */; };
		417EAFD52B71518F004190DD /* MaliTabView.swift in Sources */ = {isa = PBXBuildFile; fileRef = 417EAFD42B71518F004190DD /* MaliTabView.swift */; };
		417EAFD72B715196004190DD /* Assets.xcassets in Resources */ = {isa = PBXBuildFile; fileRef = 417EAFD62B715196004190DD /* Assets.xcassets */; };
		417EAFDA2B715196004190DD /* Preview Assets.xcassets in Resources */ = {isa = PBXBuildFile; fileRef = 417EAFD92B715196004190DD /* Preview Assets.xcassets */; };
		417EAFE42B715196004190DD /* MaliTests.swift in Sources */ = {isa = PBXBuildFile; fileRef = 417EAFE32B715196004190DD /* MaliTests.swift */; };
		417EAFEE2B715196004190DD /* MaliUITests.swift in Sources */ = {isa = PBXBuildFile; fileRef = 417EAFED2B715196004190DD /* MaliUITests.swift */; };
		417EAFF02B715196004190DD /* MaliUITestsLaunchTests.swift in Sources */ = {isa = PBXBuildFile; fileRef = 417EAFEF2B715196004190DD /* MaliUITestsLaunchTests.swift */; };
		417EAFFD2B715470004190DD /* HomeView.swift in Sources */ = {isa = PBXBuildFile; fileRef = 417EAFFC2B715470004190DD /* HomeView.swift */; };
		417EAFFF2B71547E004190DD /* InvestmentView.swift in Sources */ = {isa = PBXBuildFile; fileRef = 417EAFFE2B71547E004190DD /* InvestmentView.swift */; };
		417EB0012B71548B004190DD /* AccountView.swift in Sources */ = {isa = PBXBuildFile; fileRef = 417EB0002B71548B004190DD /* AccountView.swift */; };
/* End PBXBuildFile section */

/* Begin PBXContainerItemProxy section */
		417EAFE02B715196004190DD /* PBXContainerItemProxy */ = {
			isa = PBXContainerItemProxy;
			containerPortal = 417EAFC72B71518F004190DD /* Project object */;
			proxyType = 1;
			remoteGlobalIDString = 417EAFCE2B71518F004190DD;
			remoteInfo = Mali;
		};
		417EAFEA2B715196004190DD /* PBXContainerItemProxy */ = {
			isa = PBXContainerItemProxy;
			containerPortal = 417EAFC72B71518F004190DD /* Project object */;
			proxyType = 1;
			remoteGlobalIDString = 417EAFCE2B71518F004190DD;
			remoteInfo = Mali;
		};
/* End PBXContainerItemProxy section */

/* Begin PBXFileReference section */
		417EAFCF2B71518F004190DD /* Mali.app */ = {isa = PBXFileReference; explicitFileType = wrapper.application; includeInIndex = 0; path = Mali.app; sourceTree = BUILT_PRODUCTS_DIR; };
		417EAFD22B71518F004190DD /* MaliApp.swift */ = {isa = PBXFileReference; lastKnownFileType = sourcecode.swift; path = MaliApp.swift; sourceTree = "<group>"; };
		417EAFD42B71518F004190DD /* MaliTabView.swift */ = {isa = PBXFileReference; lastKnownFileType = sourcecode.swift; path = MaliTabView.swift; sourceTree = "<group>"; };
		417EAFD62B715196004190DD /* Assets.xcassets */ = {isa = PBXFileReference; lastKnownFileType = folder.assetcatalog; path = Assets.xcassets; sourceTree = "<group>"; };
		417EAFD92B715196004190DD /* Preview Assets.xcassets */ = {isa = PBXFileReference; lastKnownFileType = folder.assetcatalog; path = "Preview Assets.xcassets"; sourceTree = "<group>"; };
		417EAFDF2B715196004190DD /* MaliTests.xctest */ = {isa = PBXFileReference; explicitFileType = wrapper.cfbundle; includeInIndex = 0; path = MaliTests.xctest; sourceTree = BUILT_PRODUCTS_DIR; };
		417EAFE32B715196004190DD /* MaliTests.swift */ = {isa = PBXFileReference; lastKnownFileType = sourcecode.swift; path = MaliTests.swift; sourceTree = "<group>"; };
		417EAFE92B715196004190DD /* MaliUITests.xctest */ = {isa = PBXFileReference; explicitFileType = wrapper.cfbundle; includeInIndex = 0; path = MaliUITests.xctest; sourceTree = BUILT_PRODUCTS_DIR; };
		417EAFED2B715196004190DD /* MaliUITests.swift */ = {isa = PBXFileReference; lastKnownFileType = sourcecode.swift; path = MaliUITests.swift; sourceTree = "<group>"; };
		417EAFEF2B715196004190DD /* MaliUITestsLaunchTests.swift */ = {isa = PBXFileReference; lastKnownFileType = sourcecode.swift; path = MaliUITestsLaunchTests.swift; sourceTree = "<group>"; };
		417EAFFC2B715470004190DD /* HomeView.swift */ = {isa = PBXFileReference; lastKnownFileType = sourcecode.swift; path = HomeView.swift; sourceTree = "<group>"; };
		417EAFFE2B71547E004190DD /* InvestmentView.swift */ = {isa = PBXFileReference; lastKnownFileType = sourcecode.swift; path = InvestmentView.swift; sourceTree = "<group>"; };
		417EB0002B71548B004190DD /* AccountView.swift */ = {isa = PBXFileReference; lastKnownFileType = sourcecode.swift; path = AccountView.swift; sourceTree = "<group>"; };
/* End PBXFileReference section */

/* Begin PBXFrameworksBuildPhase section */
		417EAFCC2B71518F004190DD /* Frameworks */ = {
			isa = PBXFrameworksBuildPhase;
			buildActionMask = 2147483647;
			files = (
			);
			runOnlyForDeploymentPostprocessing = 0;
		};
		417EAFDC2B715196004190DD /* Frameworks */ = {
			isa = PBXFrameworksBuildPhase;
			buildActionMask = 2147483647;
			files = (
			);
			runOnlyForDeploymentPostprocessing = 0;
		};
		417EAFE62B715196004190DD /* Frameworks */ = {
			isa = PBXFrameworksBuildPhase;
			buildActionMask = 2147483647;
			files = (
			);
			runOnlyForDeploymentPostprocessing = 0;
		};
/* End PBXFrameworksBuildPhase section */

/* Begin PBXGroup section */
		417EAFC62B71518F004190DD = {
			isa = PBXGroup;
			children = (
				417EAFD12B71518F004190DD /* Mali */,
				417EAFE22B715196004190DD /* MaliTests */,
				417EAFEC2B715196004190DD /* MaliUITests */,
				417EAFD02B71518F004190DD /* Products */,
			);
			sourceTree = "<group>";
		};
		417EAFD02B71518F004190DD /* Products */ = {
			isa = PBXGroup;
			children = (
				417EAFCF2B71518F004190DD /* Mali.app */,
				417EAFDF2B715196004190DD /* MaliTests.xctest */,
				417EAFE92B715196004190DD /* MaliUITests.xctest */,
			);
			name = Products;
			sourceTree = "<group>";
		};
		417EAFD12B71518F004190DD /* Mali */ = {
			isa = PBXGroup;
			children = (
				417EAFD22B71518F004190DD /* MaliApp.swift */,
				417EB0022B715496004190DD /* Views */,
				417EAFD62B715196004190DD /* Assets.xcassets */,
				417EAFD82B715196004190DD /* Preview Content */,
			);
			path = Mali;
			sourceTree = "<group>";
		};
		417EAFD82B715196004190DD /* Preview Content */ = {
			isa = PBXGroup;
			children = (
				417EAFD92B715196004190DD /* Preview Assets.xcassets */,
			);
			path = "Preview Content";
			sourceTree = "<group>";
		};
		417EAFE22B715196004190DD /* MaliTests */ = {
			isa = PBXGroup;
			children = (
				417EAFE32B715196004190DD /* MaliTests.swift */,
			);
			path = MaliTests;
			sourceTree = "<group>";
		};
		417EAFEC2B715196004190DD /* MaliUITests */ = {
			isa = PBXGroup;
			children = (
				417EAFED2B715196004190DD /* MaliUITests.swift */,
				417EAFEF2B715196004190DD /* MaliUITestsLaunchTests.swift */,
			);
			path = MaliUITests;
			sourceTree = "<group>";
		};
		417EB0022B715496004190DD /* Views */ = {
			isa = PBXGroup;
			children = (
				417EAFFC2B715470004190DD /* HomeView.swift */,
				417EAFFE2B71547E004190DD /* InvestmentView.swift */,
				417EB0002B71548B004190DD /* AccountView.swift */,
				417EAFD42B71518F004190DD /* MaliTabView.swift */,
			);
			path = Views;
			sourceTree = "<group>";
		};
/* End PBXGroup section */

/* Begin PBXNativeTarget section */
		417EAFCE2B71518F004190DD /* Mali */ = {
			isa = PBXNativeTarget;
			buildConfigurationList = 417EAFF32B715196004190DD /* Build configuration list for PBXNativeTarget "Mali" */;
			buildPhases = (
				417EAFCB2B71518F004190DD /* Sources */,
				417EAFCC2B71518F004190DD /* Frameworks */,
				417EAFCD2B71518F004190DD /* Resources */,
			);
			buildRules = (
			);
			dependencies = (
			);
			name = Mali;
			productName = Mali;
			productReference = 417EAFCF2B71518F004190DD /* Mali.app */;
			productType = "com.apple.product-type.application";
		};
		417EAFDE2B715196004190DD /* MaliTests */ = {
			isa = PBXNativeTarget;
			buildConfigurationList = 417EAFF62B715196004190DD /* Build configuration list for PBXNativeTarget "MaliTests" */;
			buildPhases = (
				417EAFDB2B715196004190DD /* Sources */,
				417EAFDC2B715196004190DD /* Frameworks */,
				417EAFDD2B715196004190DD /* Resources */,
			);
			buildRules = (
			);
			dependencies = (
				417EAFE12B715196004190DD /* PBXTargetDependency */,
			);
			name = MaliTests;
			productName = MaliTests;
			productReference = 417EAFDF2B715196004190DD /* MaliTests.xctest */;
			productType = "com.apple.product-type.bundle.unit-test";
		};
		417EAFE82B715196004190DD /* MaliUITests */ = {
			isa = PBXNativeTarget;
			buildConfigurationList = 417EAFF92B715196004190DD /* Build configuration list for PBXNativeTarget "MaliUITests" */;
			buildPhases = (
				417EAFE52B715196004190DD /* Sources */,
				417EAFE62B715196004190DD /* Frameworks */,
				417EAFE72B715196004190DD /* Resources */,
			);
			buildRules = (
			);
			dependencies = (
				417EAFEB2B715196004190DD /* PBXTargetDependency */,
			);
			name = MaliUITests;
			productName = MaliUITests;
			productReference = 417EAFE92B715196004190DD /* MaliUITests.xctest */;
			productType = "com.apple.product-type.bundle.ui-testing";
		};
/* End PBXNativeTarget section */

/* Begin PBXProject section */
		417EAFC72B71518F004190DD /* Project object */ = {
			isa = PBXProject;
			attributes = {
				BuildIndependentTargetsInParallel = 1;
				LastSwiftUpdateCheck = 1420;
				LastUpgradeCheck = 1420;
				TargetAttributes = {
					417EAFCE2B71518F004190DD = {
						CreatedOnToolsVersion = 14.2;
					};
					417EAFDE2B715196004190DD = {
						CreatedOnToolsVersion = 14.2;
						TestTargetID = 417EAFCE2B71518F004190DD;
					};
					417EAFE82B715196004190DD = {
						CreatedOnToolsVersion = 14.2;
						TestTargetID = 417EAFCE2B71518F004190DD;
					};
				};
			};
			buildConfigurationList = 417EAFCA2B71518F004190DD /* Build configuration list for PBXProject "Mali" */;
			compatibilityVersion = "Xcode 14.0";
			developmentRegion = en;
			hasScannedForEncodings = 0;
			knownRegions = (
				en,
				Base,
			);
			mainGroup = 417EAFC62B71518F004190DD;
			productRefGroup = 417EAFD02B71518F004190DD /* Products */;
			projectDirPath = "";
			projectRoot = "";
			targets = (
				417EAFCE2B71518F004190DD /* Mali */,
				417EAFDE2B715196004190DD /* MaliTests */,
				417EAFE82B715196004190DD /* MaliUITests */,
			);
		};
/* End PBXProject section */

/* Begin PBXResourcesBuildPhase section */
		417EAFCD2B71518F004190DD /* Resources */ = {
			isa = PBXResourcesBuildPhase;
			buildActionMask = 2147483647;
			files = (
				417EAFDA2B715196004190DD /* Preview Assets.xcassets in Resources */,
				417EAFD72B715196004190DD /* Assets.xcassets in Resources */,
			);
			runOnlyForDeploymentPostprocessing = 0;
		};
		417EAFDD2B715196004190DD /* Resources */ = {
			isa = PBXResourcesBuildPhase;
			buildActionMask = 2147483647;
			files = (
			);
			runOnlyForDeploymentPostprocessing = 0;
		};
		417EAFE72B715196004190DD /* Resources */ = {
			isa = PBXResourcesBuildPhase;
			buildActionMask = 2147483647;
			files = (
			);
			runOnlyForDeploymentPostprocessing = 0;
		};
/* End PBXResourcesBuildPhase section */

/* Begin PBXSourcesBuildPhase section */
		417EAFCB2B71518F004190DD /* Sources */ = {
			isa = PBXSourcesBuildPhase;
			buildActionMask = 2147483647;
			files = (
				417EAFFD2B715470004190DD /* HomeView.swift in Sources */,
				417EAFD52B71518F004190DD /* MaliTabView.swift in Sources */,
				417EAFD32B71518F004190DD /* MaliApp.swift in Sources */,
				417EAFFF2B71547E004190DD /* InvestmentView.swift in Sources */,
				417EB0012B71548B004190DD /* AccountView.swift in Sources */,
			);
			runOnlyForDeploymentPostprocessing = 0;
		};
		417EAFDB2B715196004190DD /* Sources */ = {
			isa = PBXSourcesBuildPhase;
			buildActionMask = 2147483647;
			files = (
				417EAFE42B715196004190DD /* MaliTests.swift in Sources */,
			);
			runOnlyForDeploymentPostprocessing = 0;
		};
		417EAFE52B715196004190DD /* Sources */ = {
			isa = PBXSourcesBuildPhase;
			buildActionMask = 2147483647;
			files = (
				417EAFEE2B715196004190DD /* MaliUITests.swift in Sources */,
				417EAFF02B715196004190DD /* MaliUITestsLaunchTests.swift in Sources */,
			);
			runOnlyForDeploymentPostprocessing = 0;
		};
/* End PBXSourcesBuildPhase section */

/* Begin PBXTargetDependency section */
		417EAFE12B715196004190DD /* PBXTargetDependency */ = {
			isa = PBXTargetDependency;
			target = 417EAFCE2B71518F004190DD /* Mali */;
			targetProxy = 417EAFE02B715196004190DD /* PBXContainerItemProxy */;
		};
		417EAFEB2B715196004190DD /* PBXTargetDependency */ = {
			isa = PBXTargetDependency;
			target = 417EAFCE2B71518F004190DD /* Mali */;
			targetProxy = 417EAFEA2B715196004190DD /* PBXContainerItemProxy */;
		};
/* End PBXTargetDependency section */

/* Begin XCBuildConfiguration section */
		417EAFF12B715196004190DD /* Debug */ = {
			isa = XCBuildConfiguration;
			buildSettings = {
				ALWAYS_SEARCH_USER_PATHS = NO;
				CLANG_ANALYZER_NONNULL = YES;
				CLANG_ANALYZER_NUMBER_OBJECT_CONVERSION = YES_AGGRESSIVE;
				CLANG_CXX_LANGUAGE_STANDARD = "gnu++20";
				CLANG_ENABLE_MODULES = YES;
				CLANG_ENABLE_OBJC_ARC = YES;
				CLANG_ENABLE_OBJC_WEAK = YES;
				CLANG_WARN_BLOCK_CAPTURE_AUTORELEASING = YES;
				CLANG_WARN_BOOL_CONVERSION = YES;
				CLANG_WARN_COMMA = YES;
				CLANG_WARN_CONSTANT_CONVERSION = YES;
				CLANG_WARN_DEPRECATED_OBJC_IMPLEMENTATIONS = YES;
				CLANG_WARN_DIRECT_OBJC_ISA_USAGE = YES_ERROR;
				CLANG_WARN_DOCUMENTATION_COMMENTS = YES;
				CLANG_WARN_EMPTY_BODY = YES;
				CLANG_WARN_ENUM_CONVERSION = YES;
				CLANG_WARN_INFINITE_RECURSION = YES;
				CLANG_WARN_INT_CONVERSION = YES;
				CLANG_WARN_NON_LITERAL_NULL_CONVERSION = YES;
				CLANG_WARN_OBJC_IMPLICIT_RETAIN_SELF = YES;
				CLANG_WARN_OBJC_LITERAL_CONVERSION = YES;
				CLANG_WARN_OBJC_ROOT_CLASS = YES_ERROR;
				CLANG_WARN_QUOTED_INCLUDE_IN_FRAMEWORK_HEADER = YES;
				CLANG_WARN_RANGE_LOOP_ANALYSIS = YES;
				CLANG_WARN_STRICT_PROTOTYPES = YES;
				CLANG_WARN_SUSPICIOUS_MOVE = YES;
				CLANG_WARN_UNGUARDED_AVAILABILITY = YES_AGGRESSIVE;
				CLANG_WARN_UNREACHABLE_CODE = YES;
				CLANG_WARN__DUPLICATE_METHOD_MATCH = YES;
				COPY_PHASE_STRIP = NO;
				DEBUG_INFORMATION_FORMAT = dwarf;
				ENABLE_STRICT_OBJC_MSGSEND = YES;
				ENABLE_TESTABILITY = YES;
				GCC_C_LANGUAGE_STANDARD = gnu11;
				GCC_DYNAMIC_NO_PIC = NO;
				GCC_NO_COMMON_BLOCKS = YES;
				GCC_OPTIMIZATION_LEVEL = 0;
				GCC_PREPROCESSOR_DEFINITIONS = (
					"DEBUG=1",
					"$(inherited)",
				);
				GCC_WARN_64_TO_32_BIT_CONVERSION = YES;
				GCC_WARN_ABOUT_RETURN_TYPE = YES_ERROR;
				GCC_WARN_UNDECLARED_SELECTOR = YES;
				GCC_WARN_UNINITIALIZED_AUTOS = YES_AGGRESSIVE;
				GCC_WARN_UNUSED_FUNCTION = YES;
				GCC_WARN_UNUSED_VARIABLE = YES;
				IPHONEOS_DEPLOYMENT_TARGET = 16.2;
				MTL_ENABLE_DEBUG_INFO = INCLUDE_SOURCE;
				MTL_FAST_MATH = YES;
				ONLY_ACTIVE_ARCH = YES;
				SDKROOT = iphoneos;
				SWIFT_ACTIVE_COMPILATION_CONDITIONS = DEBUG;
				SWIFT_OPTIMIZATION_LEVEL = "-Onone";
			};
			name = Debug;
		};
		417EAFF22B715196004190DD /* Release */ = {
			isa = XCBuildConfiguration;
			buildSettings = {
				ALWAYS_SEARCH_USER_PATHS = NO;
				CLANG_ANALYZER_NONNULL = YES;
				CLANG_ANALYZER_NUMBER_OBJECT_CONVERSION = YES_AGGRESSIVE;
				CLANG_CXX_LANGUAGE_STANDARD = "gnu++20";
				CLANG_ENABLE_MODULES = YES;
				CLANG_ENABLE_OBJC_ARC = YES;
				CLANG_ENABLE_OBJC_WEAK = YES;
				CLANG_WARN_BLOCK_CAPTURE_AUTORELEASING = YES;
				CLANG_WARN_BOOL_CONVERSION = YES;
				CLANG_WARN_COMMA = YES;
				CLANG_WARN_CONSTANT_CONVERSION = YES;
				CLANG_WARN_DEPRECATED_OBJC_IMPLEMENTATIONS = YES;
				CLANG_WARN_DIRECT_OBJC_ISA_USAGE = YES_ERROR;
				CLANG_WARN_DOCUMENTATION_COMMENTS = YES;
				CLANG_WARN_EMPTY_BODY = YES;
				CLANG_WARN_ENUM_CONVERSION = YES;
				CLANG_WARN_INFINITE_RECURSION = YES;
				CLANG_WARN_INT_CONVERSION = YES;
				CLANG_WARN_NON_LITERAL_NULL_CONVERSION = YES;
				CLANG_WARN_OBJC_IMPLICIT_RETAIN_SELF = YES;
				CLANG_WARN_OBJC_LITERAL_CONVERSION = YES;
				CLANG_WARN_OBJC_ROOT_CLASS = YES_ERROR;
				CLANG_WARN_QUOTED_INCLUDE_IN_FRAMEWORK_HEADER = YES;
				CLANG_WARN_RANGE_LOOP_ANALYSIS = YES;
				CLANG_WARN_STRICT_PROTOTYPES = YES;
				CLANG_WARN_SUSPICIOUS_MOVE = YES;
				CLANG_WARN_UNGUARDED_AVAILABILITY = YES_AGGRESSIVE;
				CLANG_WARN_UNREACHABLE_CODE = YES;
				CLANG_WARN__DUPLICATE_METHOD_MATCH = YES;
				COPY_PHASE_STRIP = NO;
				DEBUG_INFORMATION_FORMAT = "dwarf-with-dsym";
				ENABLE_NS_ASSERTIONS = NO;
				ENABLE_STRICT_OBJC_MSGSEND = YES;
				GCC_C_LANGUAGE_STANDARD = gnu11;
				GCC_NO_COMMON_BLOCKS = YES;
				GCC_WARN_64_TO_32_BIT_CONVERSION = YES;
				GCC_WARN_ABOUT_RETURN_TYPE = YES_ERROR;
				GCC_WARN_UNDECLARED_SELECTOR = YES;
				GCC_WARN_UNINITIALIZED_AUTOS = YES_AGGRESSIVE;
				GCC_WARN_UNUSED_FUNCTION = YES;
				GCC_WARN_UNUSED_VARIABLE = YES;
				IPHONEOS_DEPLOYMENT_TARGET = 16.2;
				MTL_ENABLE_DEBUG_INFO = NO;
				MTL_FAST_MATH = YES;
				SDKROOT = iphoneos;
				SWIFT_COMPILATION_MODE = wholemodule;
				SWIFT_OPTIMIZATION_LEVEL = "-O";
				VALIDATE_PRODUCT = YES;
			};
			name = Release;
		};
		417EAFF42B715196004190DD /* Debug */ = {
			isa = XCBuildConfiguration;
			buildSettings = {
				ASSETCATALOG_COMPILER_APPICON_NAME = AppIcon;
				ASSETCATALOG_COMPILER_GLOBAL_ACCENT_COLOR_NAME = AccentColor;
				CODE_SIGN_STYLE = Automatic;
				CURRENT_PROJECT_VERSION = 1;
				DEVELOPMENT_ASSET_PATHS = "\"Mali/Preview Content\"";
				ENABLE_PREVIEWS = YES;
				GENERATE_INFOPLIST_FILE = YES;
				INFOPLIST_KEY_UIApplicationSceneManifest_Generation = YES;
				INFOPLIST_KEY_UIApplicationSupportsIndirectInputEvents = YES;
				INFOPLIST_KEY_UILaunchScreen_Generation = YES;
				INFOPLIST_KEY_UISupportedInterfaceOrientations_iPad = "UIInterfaceOrientationPortrait UIInterfaceOrientationPortraitUpsideDown UIInterfaceOrientationLandscapeLeft UIInterfaceOrientationLandscapeRight";
				INFOPLIST_KEY_UISupportedInterfaceOrientations_iPhone = "UIInterfaceOrientationPortrait UIInterfaceOrientationLandscapeLeft UIInterfaceOrientationLandscapeRight";
				LD_RUNPATH_SEARCH_PATHS = (
					"$(inherited)",
					"@executable_path/Frameworks",
				);
				MARKETING_VERSION = 1.0;
				PRODUCT_BUNDLE_IDENTIFIER = com.example.Mali;
				PRODUCT_NAME = "$(TARGET_NAME)";
				SWIFT_EMIT_LOC_STRINGS = YES;
				SWIFT_VERSION = 5.0;
				TARGETED_DEVICE_FAMILY = "1,2";
			};
			name = Debug;
		};
		417EAFF52B715196004190DD /* Release */ = {
			isa = XCBuildConfiguration;
			buildSettings = {
				ASSETCATALOG_COMPILER_APPICON_NAME = AppIcon;
				ASSETCATALOG_COMPILER_GLOBAL_ACCENT_COLOR_NAME = AccentColor;
				CODE_SIGN_STYLE = Automatic;
				CURRENT_PROJECT_VERSION = 1;
				DEVELOPMENT_ASSET_PATHS = "\"Mali/Preview Content\"";
				ENABLE_PREVIEWS = YES;
				GENERATE_INFOPLIST_FILE = YES;
				INFOPLIST_KEY_UIApplicationSceneManifest_Generation = YES;
				INFOPLIST_KEY_UIApplicationSupportsIndirectInputEvents = YES;
				INFOPLIST_KEY_UILaunchScreen_Generation = YES;
				INFOPLIST_KEY_UISupportedInterfaceOrientations_iPad = "UIInterfaceOrientationPortrait UIInterfaceOrientationPortraitUpsideDown UIInterfaceOrientationLandscapeLeft UIInterfaceOrientationLandscapeRight";
				INFOPLIST_KEY_UISupportedInterfaceOrientations_iPhone = "UIInterfaceOrientationPortrait UIInterfaceOrientationLandscapeLeft UIInterfaceOrientationLandscapeRight";
				LD_RUNPATH_SEARCH_PATHS = (
					"$(inherited)",
					"@executable_path/Frameworks",
				);
				MARKETING_VERSION = 1.0;
				PRODUCT_BUNDLE_IDENTIFIER = com.example.Mali;
				PRODUCT_NAME = "$(TARGET_NAME)";
				SWIFT_EMIT_LOC_STRINGS = YES;
				SWIFT_VERSION = 5.0;
				TARGETED_DEVICE_FAMILY = "1,2";
			};
			name = Release;
		};
		417EAFF72B715196004190DD /* Debug */ = {
			isa = XCBuildConfiguration;
			buildSettings = {
				ALWAYS_EMBED_SWIFT_STANDARD_LIBRARIES = YES;
				BUNDLE_LOADER = "$(TEST_HOST)";
				CODE_SIGN_STYLE = Automatic;
				CURRENT_PROJECT_VERSION = 1;
				GENERATE_INFOPLIST_FILE = YES;
				IPHONEOS_DEPLOYMENT_TARGET = 16.2;
				MARKETING_VERSION = 1.0;
				PRODUCT_BUNDLE_IDENTIFIER = com.example.MaliTests;
				PRODUCT_NAME = "$(TARGET_NAME)";
				SWIFT_EMIT_LOC_STRINGS = NO;
				SWIFT_VERSION = 5.0;
				TARGETED_DEVICE_FAMILY = "1,2";
				TEST_HOST = "$(BUILT_PRODUCTS_DIR)/Mali.app/$(BUNDLE_EXECUTABLE_FOLDER_PATH)/Mali";
			};
			name = Debug;
		};
		417EAFF82B715196004190DD /* Release */ = {
			isa = XCBuildConfiguration;
			buildSettings = {
				ALWAYS_EMBED_SWIFT_STANDARD_LIBRARIES = YES;
				BUNDLE_LOADER = "$(TEST_HOST)";
				CODE_SIGN_STYLE = Automatic;
				CURRENT_PROJECT_VERSION = 1;
				GENERATE_INFOPLIST_FILE = YES;
				IPHONEOS_DEPLOYMENT_TARGET = 16.2;
				MARKETING_VERSION = 1.0;
				PRODUCT_BUNDLE_IDENTIFIER = com.example.MaliTests;
				PRODUCT_NAME = "$(TARGET_NAME)";
				SWIFT_EMIT_LOC_STRINGS = NO;
				SWIFT_VERSION = 5.0;
				TARGETED_DEVICE_FAMILY = "1,2";
				TEST_HOST = "$(BUILT_PRODUCTS_DIR)/Mali.app/$(BUNDLE_EXECUTABLE_FOLDER_PATH)/Mali";
			};
			name = Release;
		};
		417EAFFA2B715196004190DD /* Debug */ = {
			isa = XCBuildConfiguration;
			buildSettings = {
				ALWAYS_EMBED_SWIFT_STANDARD_LIBRARIES = YES;
				CODE_SIGN_STYLE = Automatic;
				CURRENT_PROJECT_VERSION = 1;
				GENERATE_INFOPLIST_FILE = YES;
				MARKETING_VERSION = 1.0;
				PRODUCT_BUNDLE_IDENTIFIER = com.example.MaliUITests;
				PRODUCT_NAME = "$(TARGET_NAME)";
				SWIFT_EMIT_LOC_STRINGS = NO;
				SWIFT_VERSION = 5.0;
				TARGETED_DEVICE_FAMILY = "1,2";
				TEST_TARGET_NAME = Mali;
			};
			name = Debug;
		};
		417EAFFB2B715196004190DD /* Release */ = {
			isa = XCBuildConfiguration;
			buildSettings = {
				ALWAYS_EMBED_SWIFT_STANDARD_LIBRARIES = YES;
				CODE_SIGN_STYLE = Automatic;
				CURRENT_PROJECT_VERSION = 1;
				GENERATE_INFOPLIST_FILE = YES;
				MARKETING_VERSION = 1.0;
				PRODUCT_BUNDLE_IDENTIFIER = com.example.MaliUITests;
				PRODUCT_NAME = "$(TARGET_NAME)";
				SWIFT_EMIT_LOC_STRINGS = NO;
				SWIFT_VERSION = 5.0;
				TARGETED_DEVICE_FAMILY = "1,2";
				TEST_TARGET_NAME = Mali;
			};
			name = Release;
		};
/* End XCBuildConfiguration section */

/* Begin XCConfigurationList section */
		417EAFCA2B71518F004190DD /* Build configuration list for PBXProject "Mali" */ = {
			isa = XCConfigurationList;
			buildConfigurations = (
				417EAFF12B715196004190DD /* Debug */,
				417EAFF22B715196004190DD /* Release */,
			);
			defaultConfigurationIsVisible = 0;
			defaultConfigurationName = Release;
		};
		417EAFF32B715196004190DD /* Build configuration list for PBXNativeTarget "Mali" */ = {
			isa = XCConfigurationList;
			buildConfigurations = (
				417EAFF42B715196004190DD /* Debug */,
				417EAFF52B715196004190DD /* Release */,
			);
			defaultConfigurationIsVisible = 0;
			defaultConfigurationName = Release;
		};
		417EAFF62B715196004190DD /* Build configuration list for PBXNativeTarget "MaliTests" */ = {
			isa = XCConfigurationList;
			buildConfigurations = (
				417EAFF72B715196004190DD /* Debug */,
				417EAFF82B715196004190DD /* Release */,
			);
			defaultConfigurationIsVisible = 0;
			defaultConfigurationName = Release;
		};
		417EAFF92B715196004190DD /* Build configuration list for PBXNativeTarget "MaliUITests" */ = {
			isa = XCConfigurationList;
			buildConfigurations = (
				417EAFFA2B715196004190DD /* Debug */,
				417EAFFB2B715196004190DD /* Release */,
			);
			defaultConfigurationIsVisible = 0;
			defaultConfigurationName = Release;
		};
/* End XCConfigurationList section */
	};
	rootObject = 417EAFC72B71518F004190DD /* Project object */;
}
